Microsoft Visual Studio Solution File, Format Version 12.00
# Visual Studio Version 17
VisualStudioVersion = 17.5.2.0
MinimumVisualStudioVersion = 10.0.40219.1
Project("{FAE04EC0-301F-11D3-BF4B-00C04F79EFBC}") = "LorealAvaloniaUI", "LorealAvaloniaUI.csproj", "{5C65823D-56F8-E7A6-2056-A3AF702F9A3C}"
EndProject
Global
	GlobalSection(SolutionConfigurationPlatforms) = preSolution
		Debug|Any CPU = Debug|Any CPU
		Release|Any CPU = Release|Any CPU
	EndGlobalSection
	GlobalSection(ProjectConfigurationPlatforms) = postSolution
		{5C65823D-56F8-E7A6-2056-A3AF702F9A3C}.Debug|Any CPU.ActiveCfg = Debug|Any CPU
		{5C65823D-56F8-E7A6-2056-A3AF702F9A3C}.Debug|Any CPU.Build.0 = Debug|Any CPU
		{5C65823D-56F8-E7A6-2056-A3AF702F9A3C}.Release|Any CPU.ActiveCfg = Release|Any CPU
		{5C65823D-56F8-E7A6-2056-A3AF702F9A3C}.Release|Any CPU.Build.0 = Release|Any CPU
	EndGlobalSection
	GlobalSection(SolutionProperties) = preSolution
		HideSolutionNode = FALSE
	EndGlobalSection
	GlobalSection(ExtensibilityGlobals) = postSolution
		SolutionGuid = {43D831A6-0D2B-426F-9A3F-11A1162284FB}
	EndGlobalSection
EndGlobal
